// !$*UTF8*$!
{
	archiveVersion = 1;
	classes = {
	};
	objectVersion = 50;
	objects = {

/* Begin PBXBuildFile section */
		A7C493B020FE731F006ED0A5 /* ImageDetailViewController.swift in Sources */ = {isa = PBXBuildFile; fileRef = A7C493AF20FE731F006ED0A5 /* ImageDetailViewController.swift */; };
		A7E2DF8220F7F6910096744E /* AppDelegate.swift in Sources */ = {isa = PBXBuildFile; fileRef = A7E2DF8120F7F6910096744E /* AppDelegate.swift */; };
		A7E2DF8720F7F6910096744E /* Main.storyboard in Resources */ = {isa = PBXBuildFile; fileRef = A7E2DF8520F7F6910096744E /* Main.storyboard */; };
		A7E2DF8920F7F6930096744E /* Assets.xcassets in Resources */ = {isa = PBXBuildFile; fileRef = A7E2DF8820F7F6930096744E /* Assets.xcassets */; };
		A7E2DF8C20F7F6930096744E /* LaunchScreen.storyboard in Resources */ = {isa = PBXBuildFile; fileRef = A7E2DF8A20F7F6930096744E /* LaunchScreen.storyboard */; };
		A7E2DF9620F7F8550096744E /* ImageGalleryViewController.swift in Sources */ = {isa = PBXBuildFile; fileRef = A7E2DF9520F7F8550096744E /* ImageGalleryViewController.swift */; };
		A7E2DF9820F9045E0096744E /* ImageGalleryCell.swift in Sources */ = {isa = PBXBuildFile; fileRef = A7E2DF9720F9045E0096744E /* ImageGalleryCell.swift */; };
		A7E2DF9A20FA3B860096744E /* Utilities.swift in Sources */ = {isa = PBXBuildFile; fileRef = A7E2DF9920FA3B850096744E /* Utilities.swift */; };
/* End PBXBuildFile section */

/* Begin PBXFileReference section */
		A7C493AF20FE731F006ED0A5 /* ImageDetailViewController.swift */ = {isa = PBXFileReference; lastKnownFileType = sourcecode.swift; path = ImageDetailViewController.swift; sourceTree = "<group>"; };
		A7E2DF7E20F7F6910096744E /* Image Gallery.app */ = {isa = PBXFileReference; explicitFileType = wrapper.application; includeInIndex = 0; path = "Image Gallery.app"; sourceTree = BUILT_PRODUCTS_DIR; };
		A7E2DF8120F7F6910096744E /* AppDelegate.swift */ = {isa = PBXFileReference; lastKnownFileType = sourcecode.swift; path = AppDelegate.swift; sourceTree = "<group>"; };
		A7E2DF8620F7F6910096744E /* Base */ = {isa = PBXFileReference; lastKnownFileType = file.storyboard; name = Base; path = Base.lproj/Main.storyboard; sourceTree = "<group>"; };
		A7E2DF8820F7F6930096744E /* Assets.xcassets */ = {isa = PBXFileReference; lastKnownFileType = folder.assetcatalog; path = Assets.xcassets; sourceTree = "<group>"; };
		A7E2DF8B20F7F6930096744E /* Base */ = {isa = PBXFileReference; lastKnownFileType = file.storyboard; name = Base; path = Base.lproj/LaunchScreen.storyboard; sourceTree = "<group>"; };
		A7E2DF8D20F7F6930096744E /* Info.plist */ = {isa = PBXFileReference; lastKnownFileType = text.plist.xml; path = Info.plist; sourceTree = "<group>"; };
		A7E2DF9520F7F8550096744E /* ImageGalleryViewController.swift */ = {isa = PBXFileReference; lastKnownFileType = sourcecode.swift; path = ImageGalleryViewController.swift; sourceTree = "<group>"; };
		A7E2DF9720F9045E0096744E /* ImageGalleryCell.swift */ = {isa = PBXFileReference; lastKnownFileType = sourcecode.swift; path = ImageGalleryCell.swift; sourceTree = "<group>"; };
		A7E2DF9920FA3B850096744E /* Utilities.swift */ = {isa = PBXFileReference; fileEncoding = 4; lastKnownFileType = sourcecode.swift; path = Utilities.swift; sourceTree = "<group>"; };
/* End PBXFileReference section */

/* Begin PBXFrameworksBuildPhase section */
		A7E2DF7B20F7F6910096744E /* Frameworks */ = {
			isa = PBXFrameworksBuildPhase;
			buildActionMask = 2147483647;
			files = (
			);
			runOnlyForDeploymentPostprocessing = 0;
		};
/* End PBXFrameworksBuildPhase section */

/* Begin PBXGroup section */
		A7E2DF7520F7F6910096744E = {
			isa = PBXGroup;
			children = (
				A7E2DF8020F7F6910096744E /* Image Gallery */,
				A7E2DF7F20F7F6910096744E /* Products */,
			);
			sourceTree = "<group>";
		};
		A7E2DF7F20F7F6910096744E /* Products */ = {
			isa = PBXGroup;
			children = (
				A7E2DF7E20F7F6910096744E /* Image Gallery.app */,
			);
			name = Products;
			sourceTree = "<group>";
		};
		A7E2DF8020F7F6910096744E /* Image Gallery */ = {
			isa = PBXGroup;
			children = (
				A7E2DF9520F7F8550096744E /* ImageGalleryViewController.swift */,
				A7C493AF20FE731F006ED0A5 /* ImageDetailViewController.swift */,
				A7E2DF9720F9045E0096744E /* ImageGalleryCell.swift */,
				A7E2DF9920FA3B850096744E /* Utilities.swift */,
				A7E2DF9420F7F7F00096744E /* Supporting Files */,
				A7E2DF8520F7F6910096744E /* Main.storyboard */,
				A7E2DF8D20F7F6930096744E /* Info.plist */,
			);
			path = "Image Gallery";
			sourceTree = "<group>";
		};
		A7E2DF9420F7F7F00096744E /* Supporting Files */ = {
			isa = PBXGroup;
			children = (
				A7E2DF8120F7F6910096744E /* AppDelegate.swift */,
				A7E2DF8820F7F6930096744E /* Assets.xcassets */,
				A7E2DF8A20F7F6930096744E /* LaunchScreen.storyboard */,
			);
			name = "Supporting Files";
			path = "New Group";
			sourceTree = "<group>";
		};
/* End PBXGroup section */

/* Begin PBXNativeTarget section */
		A7E2DF7D20F7F6910096744E /* Image Gallery */ = {
			isa = PBXNativeTarget;
			buildConfigurationList = A7E2DF9020F7F6930096744E /* Build configuration list for PBXNativeTarget "Image Gallery" */;
			buildPhases = (
				A7E2DF7A20F7F6910096744E /* Sources */,
				A7E2DF7B20F7F6910096744E /* Frameworks */,
				A7E2DF7C20F7F6910096744E /* Resources */,
			);
			buildRules = (
			);
			dependencies = (
			);
			name = "Image Gallery";
			productName = "Image Gallery";
			productReference = A7E2DF7E20F7F6910096744E /* Image Gallery.app */;
			productType = "com.apple.product-type.application";
		};
/* End PBXNativeTarget section */

/* Begin PBXProject section */
		A7E2DF7620F7F6910096744E /* Project object */ = {
			isa = PBXProject;
			attributes = {
				LastSwiftUpdateCheck = 0940;
				LastUpgradeCheck = 0940;
				ORGANIZATIONNAME = "Darren Wilson";
				TargetAttributes = {
					A7E2DF7D20F7F6910096744E = {
						CreatedOnToolsVersion = 9.4.1;
					};
				};
			};
			buildConfigurationList = A7E2DF7920F7F6910096744E /* Build configuration list for PBXProject "Image Gallery" */;
			compatibilityVersion = "Xcode 9.3";
			developmentRegion = en;
			hasScannedForEncodings = 0;
			knownRegions = (
				en,
				Base,
			);
			mainGroup = A7E2DF7520F7F6910096744E;
			productRefGroup = A7E2DF7F20F7F6910096744E /* Products */;
			projectDirPath = "";
			projectRoot = "";
			targets = (
				A7E2DF7D20F7F6910096744E /* Image Gallery */,
			);
		};
/* End PBXProject section */

/* Begin PBXResourcesBuildPhase section */
		A7E2DF7C20F7F6910096744E /* Resources */ = {
			isa = PBXResourcesBuildPhase;
			buildActionMask = 2147483647;
			files = (
				A7E2DF8C20F7F6930096744E /* LaunchScreen.storyboard in Resources */,
				A7E2DF8920F7F6930096744E /* Assets.xcassets in Resources */,
				A7E2DF8720F7F6910096744E /* Main.storyboard in Resources */,
			);
			runOnlyForDeploymentPostprocessing = 0;
		};
/* End PBXResourcesBuildPhase section */

/* Begin PBXSourcesBuildPhase section */
		A7E2DF7A20F7F6910096744E /* Sources */ = {
			isa = PBXSourcesBuildPhase;
			buildActionMask = 2147483647;
			files = (
				A7E2DF9620F7F8550096744E /* ImageGalleryViewController.swift in Sources */,
				A7E2DF8220F7F6910096744E /* AppDelegate.swift in Sources */,
				A7E2DF9A20FA3B860096744E /* Utilities.swift in Sources */,
				A7E2DF9820F9045E0096744E /* ImageGalleryCell.swift in Sources */,
				A7C493B020FE731F006ED0A5 /* ImageDetailViewController.swift in Sources */,
			);
			runOnlyForDeploymentPostprocessing = 0;
		};
/* End PBXSourcesBuildPhase section */

/* Begin PBXVariantGroup section */
		A7E2DF8520F7F6910096744E /* Main.storyboard */ = {
			isa = PBXVariantGroup;
			children = (
				A7E2DF8620F7F6910096744E /* Base */,
			);
			name = Main.storyboard;
			sourceTree = "<group>";
		};
		A7E2DF8A20F7F6930096744E /* LaunchScreen.storyboard */ = {
			isa = PBXVariantGroup;
			children = (
				A7E2DF8B20F7F6930096744E /* Base */,
			);
			name = LaunchScreen.storyboard;
			sourceTree = "<group>";
		};
/* End PBXVariantGroup section */

/* Begin XCBuildConfiguration section */
		A7E2DF8E20F7F6930096744E /* Debug */ = {
			isa = XCBuildConfiguration;
			buildSettings = {
				ALWAYS_SEARCH_USER_PATHS = NO;
				CLANG_ANALYZER_NONNULL = YES;
				CLANG_ANALYZER_NUMBER_OBJECT_CONVERSION = YES_AGGRESSIVE;
				CLANG_CXX_LANGUAGE_STANDARD = "gnu++14";
				CLANG_CXX_LIBRARY = "libc++";
				CLANG_ENABLE_MODULES = YES;
				CLANG_ENABLE_OBJC_ARC = YES;
				CLANG_ENABLE_OBJC_WEAK = YES;
				CLANG_WARN_BLOCK_CAPTURE_AUTORELEASING = YES;
				CLANG_WARN_BOOL_CONVERSION = YES;
				CLANG_WARN_COMMA = YES;
				CLANG_WARN_CONSTANT_CONVERSION = YES;
				CLANG_WARN_DEPRECATED_OBJC_IMPLEMENTATIONS = YES;
				CLANG_WARN_DIRECT_OBJC_ISA_USAGE = YES_ERROR;
				CLANG_WARN_DOCUMENTATION_COMMENTS = YES;
				CLANG_WARN_EMPTY_BODY = YES;
				CLANG_WARN_ENUM_CONVERSION = YES;
				CLANG_WARN_INFINITE_RECURSION = YES;
				CLANG_WARN_INT_CONVERSION = YES;
				CLANG_WARN_NON_LITERAL_NULL_CONVERSION = YES;
				CLANG_WARN_OBJC_IMPLICIT_RETAIN_SELF = YES;
				CLANG_WARN_OBJC_LITERAL_CONVERSION = YES;
				CLANG_WARN_OBJC_ROOT_CLASS = YES_ERROR;
				CLANG_WARN_RANGE_LOOP_ANALYSIS = YES;
				CLANG_WARN_STRICT_PROTOTYPES = YES;
				CLANG_WARN_SUSPICIOUS_MOVE = YES;
				CLANG_WARN_UNGUARDED_AVAILABILITY = YES_AGGRESSIVE;
				CLANG_WARN_UNREACHABLE_CODE = YES;
				CLANG_WARN__DUPLICATE_METHOD_MATCH = YES;
				CODE_SIGN_IDENTITY = "iPhone Developer";
				COPY_PHASE_STRIP = NO;
				DEBUG_INFORMATION_FORMAT = dwarf;
				ENABLE_STRICT_OBJC_MSGSEND = YES;
				ENABLE_TESTABILITY = YES;
				GCC_C_LANGUAGE_STANDARD = gnu11;
				GCC_DYNAMIC_NO_PIC = NO;
				GCC_NO_COMMON_BLOCKS = YES;
				GCC_OPTIMIZATION_LEVEL = 0;
				GCC_PREPROCESSOR_DEFINITIONS = (
					"DEBUG=1",
					"$(inherited)",
				);
				GCC_WARN_64_TO_32_BIT_CONVERSION = YES;
				GCC_WARN_ABOUT_RETURN_TYPE = YES_ERROR;
				GCC_WARN_UNDECLARED_SELECTOR = YES;
				GCC_WARN_UNINITIALIZED_AUTOS = YES_AGGRESSIVE;
				GCC_WARN_UNUSED_FUNCTION = YES;
				GCC_WARN_UNUSED_VARIABLE = YES;
				IPHONEOS_DEPLOYMENT_TARGET = 11.4;
				MTL_ENABLE_DEBUG_INFO = YES;
				ONLY_ACTIVE_ARCH = YES;
				SDKROOT = iphoneos;
				SWIFT_ACTIVE_COMPILATION_CONDITIONS = DEBUG;
				SWIFT_OPTIMIZATION_LEVEL = "-Onone";
			};
			name = Debug;
		};
		A7E2DF8F20F7F6930096744E /* Release */ = {
			isa = XCBuildConfiguration;
			buildSettings = {
				ALWAYS_SEARCH_USER_PATHS = NO;
				CLANG_ANALYZER_NONNULL = YES;
				CLANG_ANALYZER_NUMBER_OBJECT_CONVERSION = YES_AGGRESSIVE;
				CLANG_CXX_LANGUAGE_STANDARD = "gnu++14";
				CLANG_CXX_LIBRARY = "libc++";
				CLANG_ENABLE_MODULES = YES;
				CLANG_ENABLE_OBJC_ARC = YES;
				CLANG_ENABLE_OBJC_WEAK = YES;
				CLANG_WARN_BLOCK_CAPTURE_AUTORELEASING = YES;
				CLANG_WARN_BOOL_CONVERSION = YES;
				CLANG_WARN_COMMA = YES;
				CLANG_WARN_CONSTANT_CONVERSION = YES;
				CLANG_WARN_DEPRECATED_OBJC_IMPLEMENTATIONS = YES;
				CLANG_WARN_DIRECT_OBJC_ISA_USAGE = YES_ERROR;
				CLANG_WARN_DOCUMENTATION_COMMENTS = YES;
				CLANG_WARN_EMPTY_BODY = YES;
				CLANG_WARN_ENUM_CONVERSION = YES;
				CLANG_WARN_INFINITE_RECURSION = YES;
				CLANG_WARN_INT_CONVERSION = YES;
				CLANG_WARN_NON_LITERAL_NULL_CONVERSION = YES;
				CLANG_WARN_OBJC_IMPLICIT_RETAIN_SELF = YES;
				CLANG_WARN_OBJC_LITERAL_CONVERSION = YES;
				CLANG_WARN_OBJC_ROOT_CLASS = YES_ERROR;
				CLANG_WARN_RANGE_LOOP_ANALYSIS = YES;
				CLANG_WARN_STRICT_PROTOTYPES = YES;
				CLANG_WARN_SUSPICIOUS_MOVE = YES;
				CLANG_WARN_UNGUARDED_AVAILABILITY = YES_AGGRESSIVE;
				CLANG_WARN_UNREACHABLE_CODE = YES;
				CLANG_WARN__DUPLICATE_METHOD_MATCH = YES;
				CODE_SIGN_IDENTITY = "iPhone Developer";
				COPY_PHASE_STRIP = NO;
				DEBUG_INFORMATION_FORMAT = "dwarf-with-dsym";
				ENABLE_NS_ASSERTIONS = NO;
				ENABLE_STRICT_OBJC_MSGSEND = YES;
				GCC_C_LANGUAGE_STANDARD = gnu11;
				GCC_NO_COMMON_BLOCKS = YES;
				GCC_WARN_64_TO_32_BIT_CONVERSION = YES;
				GCC_WARN_ABOUT_RETURN_TYPE = YES_ERROR;
				GCC_WARN_UNDECLARED_SELECTOR = YES;
				GCC_WARN_UNINITIALIZED_AUTOS = YES_AGGRESSIVE;
				GCC_WARN_UNUSED_FUNCTION = YES;
				GCC_WARN_UNUSED_VARIABLE = YES;
				IPHONEOS_DEPLOYMENT_TARGET = 11.4;
				MTL_ENABLE_DEBUG_INFO = NO;
				SDKROOT = iphoneos;
				SWIFT_COMPILATION_MODE = wholemodule;
				SWIFT_OPTIMIZATION_LEVEL = "-O";
				VALIDATE_PRODUCT = YES;
			};
			name = Release;
		};
		A7E2DF9120F7F6930096744E /* Debug */ = {
			isa = XCBuildConfiguration;
			buildSettings = {
				ASSETCATALOG_COMPILER_APPICON_NAME = AppIcon;
				CODE_SIGN_STYLE = Automatic;
				DEVELOPMENT_TEAM = E9LA3U23YJ;
				INFOPLIST_FILE = "Image Gallery/Info.plist";
				LD_RUNPATH_SEARCH_PATHS = (
					"$(inherited)",
					"@executable_path/Frameworks",
				);
				PRODUCT_BUNDLE_IDENTIFIER = "io.darrenwilson.cs193p.lecture.Image-Gallery";
				PRODUCT_NAME = "$(TARGET_NAME)";
				SWIFT_VERSION = 4.0;
				TARGETED_DEVICE_FAMILY = "1,2";
			};
			name = Debug;
		};
		A7E2DF9220F7F6930096744E /* Release */ = {
			isa = XCBuildConfiguration;
			buildSettings = {
				ASSETCATALOG_COMPILER_APPICON_NAME = AppIcon;
				CODE_SIGN_STYLE = Automatic;
				DEVELOPMENT_TEAM = E9LA3U23YJ;
				INFOPLIST_FILE = "Image Gallery/Info.plist";
				LD_RUNPATH_SEARCH_PATHS = (
					"$(inherited)",
					"@executable_path/Frameworks",
				);
				PRODUCT_BUNDLE_IDENTIFIER = "io.darrenwilson.cs193p.lecture.Image-Gallery";
				PRODUCT_NAME = "$(TARGET_NAME)";
				SWIFT_VERSION = 4.0;
				TARGETED_DEVICE_FAMILY = "1,2";
			};
			name = Release;
		};
/* End XCBuildConfiguration section */

/* Begin XCConfigurationList section */
		A7E2DF7920F7F6910096744E /* Build configuration list for PBXProject "Image Gallery" */ = {
			isa = XCConfigurationList;
			buildConfigurations = (
				A7E2DF8E20F7F6930096744E /* Debug */,
				A7E2DF8F20F7F6930096744E /* Release */,
			);
			defaultConfigurationIsVisible = 0;
			defaultConfigurationName = Release;
		};
		A7E2DF9020F7F6930096744E /* Build configuration list for PBXNativeTarget "Image Gallery" */ = {
			isa = XCConfigurationList;
			buildConfigurations = (
				A7E2DF9120F7F6930096744E /* Debug */,
				A7E2DF9220F7F6930096744E /* Release */,
			);
			defaultConfigurationIsVisible = 0;
			defaultConfigurationName = Release;
		};
/* End XCConfigurationList section */
	};
	rootObject = A7E2DF7620F7F6910096744E /* Project object */;
}
